// !$*UTF8*$!
{
	archiveVersion = 1;
	classes = {
	};
	objectVersion = 56;
	objects = {

/* Begin PBXBuildFile section */
		EA0F2A772A4C6E3C008ADA75 /* Constants.swift in Sources */ = {isa = PBXBuildFile; fileRef = EA0F2A762A4C6E3C008ADA75 /* Constants.swift */; };
		EA0F2A7B2A4C73A7008ADA75 /* OAuth2Service.swift in Sources */ = {isa = PBXBuildFile; fileRef = EA0F2A7A2A4C73A7008ADA75 /* OAuth2Service.swift */; };
		EA0F2A7D2A4C73F2008ADA75 /* Oauth2TokenStorage.swift in Sources */ = {isa = PBXBuildFile; fileRef = EA0F2A7C2A4C73F2008ADA75 /* Oauth2TokenStorage.swift */; };
		EA0F2A7F2A4C7428008ADA75 /* OAuth2TokenResponseBody.swift in Sources */ = {isa = PBXBuildFile; fileRef = EA0F2A7E2A4C7428008ADA75 /* OAuth2TokenResponseBody.swift */; };
		EA2B14A02A39D7C900C43CB2 /* ProfileViewController.swift in Sources */ = {isa = PBXBuildFile; fileRef = EA2B149F2A39D7C900C43CB2 /* ProfileViewController.swift */; };
		EA2B14A22A39D80300C43CB2 /* SingleImageViewController.swift in Sources */ = {isa = PBXBuildFile; fileRef = EA2B14A12A39D80300C43CB2 /* SingleImageViewController.swift */; };
		EA8EC0112A1F6E8700533CD5 /* AppDelegate.swift in Sources */ = {isa = PBXBuildFile; fileRef = EA8EC0102A1F6E8700533CD5 /* AppDelegate.swift */; };
		EA8EC0132A1F6E8700533CD5 /* SceneDelegate.swift in Sources */ = {isa = PBXBuildFile; fileRef = EA8EC0122A1F6E8700533CD5 /* SceneDelegate.swift */; };
		EA8EC0152A1F6E8700533CD5 /* ImagesListViewController.swift in Sources */ = {isa = PBXBuildFile; fileRef = EA8EC0142A1F6E8700533CD5 /* ImagesListViewController.swift */; };
		EA8EC0182A1F6E8700533CD5 /* Main.storyboard in Resources */ = {isa = PBXBuildFile; fileRef = EA8EC0162A1F6E8700533CD5 /* Main.storyboard */; };
		EA8EC01A2A1F6E8800533CD5 /* Assets.xcassets in Resources */ = {isa = PBXBuildFile; fileRef = EA8EC0192A1F6E8800533CD5 /* Assets.xcassets */; };
		EA8EC01D2A1F6E8800533CD5 /* LaunchScreen.storyboard in Resources */ = {isa = PBXBuildFile; fileRef = EA8EC01B2A1F6E8800533CD5 /* LaunchScreen.storyboard */; };
		EA95388A2A5C38B9003E4305 /* ProgressHUD in Frameworks */ = {isa = PBXBuildFile; productRef = EA9538892A5C38B9003E4305 /* ProgressHUD */; };
		EAB166D12A4DB53900A5C74E /* SplashViewController.swift in Sources */ = {isa = PBXBuildFile; fileRef = EAB166D02A4DB53900A5C74E /* SplashViewController.swift */; };
		EAB166D42A4DB5C800A5C74E /* AuthViewController.swift in Sources */ = {isa = PBXBuildFile; fileRef = EAB166D32A4DB5C800A5C74E /* AuthViewController.swift */; };
		EAB166D62A4DB5EC00A5C74E /* WebViewViewController.swift in Sources */ = {isa = PBXBuildFile; fileRef = EAB166D52A4DB5EC00A5C74E /* WebViewViewController.swift */; };
		EACA3DB42A24E03C00178D7E /* ImagesListCell.swift in Sources */ = {isa = PBXBuildFile; fileRef = EACA3DB32A24E03C00178D7E /* ImagesListCell.swift */; };
		EAF008E02A5D8E0D0088C884 /* UIBlockingProgressHUD.swift in Sources */ = {isa = PBXBuildFile; fileRef = EAF008DF2A5D8E0D0088C884 /* UIBlockingProgressHUD.swift */; };
/* End PBXBuildFile section */

/* Begin PBXFileReference section */
		EA0F2A762A4C6E3C008ADA75 /* Constants.swift */ = {isa = PBXFileReference; lastKnownFileType = sourcecode.swift; path = Constants.swift; sourceTree = "<group>"; };
		EA0F2A7A2A4C73A7008ADA75 /* OAuth2Service.swift */ = {isa = PBXFileReference; lastKnownFileType = sourcecode.swift; path = OAuth2Service.swift; sourceTree = "<group>"; };
		EA0F2A7C2A4C73F2008ADA75 /* Oauth2TokenStorage.swift */ = {isa = PBXFileReference; lastKnownFileType = sourcecode.swift; path = Oauth2TokenStorage.swift; sourceTree = "<group>"; };
		EA0F2A7E2A4C7428008ADA75 /* OAuth2TokenResponseBody.swift */ = {isa = PBXFileReference; lastKnownFileType = sourcecode.swift; path = OAuth2TokenResponseBody.swift; sourceTree = "<group>"; };
		EA2B149F2A39D7C900C43CB2 /* ProfileViewController.swift */ = {isa = PBXFileReference; lastKnownFileType = sourcecode.swift; path = ProfileViewController.swift; sourceTree = "<group>"; };
		EA2B14A12A39D80300C43CB2 /* SingleImageViewController.swift */ = {isa = PBXFileReference; lastKnownFileType = sourcecode.swift; path = SingleImageViewController.swift; sourceTree = "<group>"; };
		EA8EC00D2A1F6E8700533CD5 /* ImageFeed.app */ = {isa = PBXFileReference; explicitFileType = wrapper.application; includeInIndex = 0; path = ImageFeed.app; sourceTree = BUILT_PRODUCTS_DIR; };
		EA8EC0102A1F6E8700533CD5 /* AppDelegate.swift */ = {isa = PBXFileReference; lastKnownFileType = sourcecode.swift; path = AppDelegate.swift; sourceTree = "<group>"; };
		EA8EC0122A1F6E8700533CD5 /* SceneDelegate.swift */ = {isa = PBXFileReference; lastKnownFileType = sourcecode.swift; path = SceneDelegate.swift; sourceTree = "<group>"; };
		EA8EC0142A1F6E8700533CD5 /* ImagesListViewController.swift */ = {isa = PBXFileReference; lastKnownFileType = sourcecode.swift; path = ImagesListViewController.swift; sourceTree = "<group>"; };
		EA8EC0172A1F6E8700533CD5 /* Base */ = {isa = PBXFileReference; lastKnownFileType = file.storyboard; name = Base; path = Base.lproj/Main.storyboard; sourceTree = "<group>"; };
		EA8EC0192A1F6E8800533CD5 /* Assets.xcassets */ = {isa = PBXFileReference; lastKnownFileType = folder.assetcatalog; path = Assets.xcassets; sourceTree = "<group>"; };
		EA8EC01C2A1F6E8800533CD5 /* Base */ = {isa = PBXFileReference; lastKnownFileType = file.storyboard; name = Base; path = Base.lproj/LaunchScreen.storyboard; sourceTree = "<group>"; };
		EA8EC01E2A1F6E8800533CD5 /* Info.plist */ = {isa = PBXFileReference; lastKnownFileType = text.plist.xml; path = Info.plist; sourceTree = "<group>"; };
		EAB166D02A4DB53900A5C74E /* SplashViewController.swift */ = {isa = PBXFileReference; lastKnownFileType = sourcecode.swift; path = SplashViewController.swift; sourceTree = "<group>"; };
		EAB166D32A4DB5C800A5C74E /* AuthViewController.swift */ = {isa = PBXFileReference; lastKnownFileType = sourcecode.swift; path = AuthViewController.swift; sourceTree = "<group>"; };
		EAB166D52A4DB5EC00A5C74E /* WebViewViewController.swift */ = {isa = PBXFileReference; lastKnownFileType = sourcecode.swift; path = WebViewViewController.swift; sourceTree = "<group>"; };
		EACA3DB32A24E03C00178D7E /* ImagesListCell.swift */ = {isa = PBXFileReference; lastKnownFileType = sourcecode.swift; path = ImagesListCell.swift; sourceTree = "<group>"; };
		EAF008DF2A5D8E0D0088C884 /* UIBlockingProgressHUD.swift */ = {isa = PBXFileReference; lastKnownFileType = sourcecode.swift; path = UIBlockingProgressHUD.swift; sourceTree = "<group>"; };
/* End PBXFileReference section */

/* Begin PBXFrameworksBuildPhase section */
		EA8EC00A2A1F6E8700533CD5 /* Frameworks */ = {
			isa = PBXFrameworksBuildPhase;
			buildActionMask = 2147483647;
			files = (
				EA95388A2A5C38B9003E4305 /* ProgressHUD in Frameworks */,
			);
			runOnlyForDeploymentPostprocessing = 0;
		};
/* End PBXFrameworksBuildPhase section */

/* Begin PBXGroup section */
		EA0F2A782A4C7342008ADA75 /* ServiceAccessLayer */ = {
			isa = PBXGroup;
			children = (
				EA0F2A792A4C7374008ADA75 /* OAuth2 */,
			);
			path = ServiceAccessLayer;
			sourceTree = "<group>";
		};
		EA0F2A792A4C7374008ADA75 /* OAuth2 */ = {
			isa = PBXGroup;
			children = (
				EA0F2A7A2A4C73A7008ADA75 /* OAuth2Service.swift */,
				EA0F2A7C2A4C73F2008ADA75 /* Oauth2TokenStorage.swift */,
				EA0F2A7E2A4C7428008ADA75 /* OAuth2TokenResponseBody.swift */,
			);
			path = OAuth2;
			sourceTree = "<group>";
		};
		EA2B149E2A39D71500C43CB2 /* Profile */ = {
			isa = PBXGroup;
			children = (
				EA2B149F2A39D7C900C43CB2 /* ProfileViewController.swift */,
			);
			path = Profile;
			sourceTree = "<group>";
		};
		EA8EC0042A1F6E8700533CD5 = {
			isa = PBXGroup;
			children = (
				EA8EC00F2A1F6E8700533CD5 /* ImageFeed */,
				EA8EC00E2A1F6E8700533CD5 /* Products */,
			);
			sourceTree = "<group>";
		};
		EA8EC00E2A1F6E8700533CD5 /* Products */ = {
			isa = PBXGroup;
			children = (
				EA8EC00D2A1F6E8700533CD5 /* ImageFeed.app */,
			);
			name = Products;
			sourceTree = "<group>";
		};
		EA8EC00F2A1F6E8700533CD5 /* ImageFeed */ = {
			isa = PBXGroup;
			children = (
				EAF008DE2A5D8D3C0088C884 /* Helpers */,
				EA2B149E2A39D71500C43CB2 /* Profile */,
				EAB166D72A4DB62100A5C74E /* SingleImage */,
				EAB166D22A4DB58D00A5C74E /* Auth */,
				EAB166CF2A4DB50A00A5C74E /* SplashView */,
				EA0F2A782A4C7342008ADA75 /* ServiceAccessLayer */,
				EACA3DB52A24E0DC00178D7E /* ImagesList */,
				EA8EC0102A1F6E8700533CD5 /* AppDelegate.swift */,
				EA8EC0122A1F6E8700533CD5 /* SceneDelegate.swift */,
				EA0F2A762A4C6E3C008ADA75 /* Constants.swift */,
				EA8EC0162A1F6E8700533CD5 /* Main.storyboard */,
				EA8EC01B2A1F6E8800533CD5 /* LaunchScreen.storyboard */,
				EA8EC0192A1F6E8800533CD5 /* Assets.xcassets */,
				EA8EC01E2A1F6E8800533CD5 /* Info.plist */,
			);
			path = ImageFeed;
			sourceTree = "<group>";
		};
		EAB166CF2A4DB50A00A5C74E /* SplashView */ = {
			isa = PBXGroup;
			children = (
				EAB166D02A4DB53900A5C74E /* SplashViewController.swift */,
			);
			path = SplashView;
			sourceTree = "<group>";
		};
		EAB166D22A4DB58D00A5C74E /* Auth */ = {
			isa = PBXGroup;
			children = (
				EAB166D32A4DB5C800A5C74E /* AuthViewController.swift */,
				EAB166D52A4DB5EC00A5C74E /* WebViewViewController.swift */,
			);
			path = Auth;
			sourceTree = "<group>";
		};
		EAB166D72A4DB62100A5C74E /* SingleImage */ = {
			isa = PBXGroup;
			children = (
				EA2B14A12A39D80300C43CB2 /* SingleImageViewController.swift */,
			);
			path = SingleImage;
			sourceTree = "<group>";
		};
		EACA3DB52A24E0DC00178D7E /* ImagesList */ = {
			isa = PBXGroup;
			children = (
				EACA3DB32A24E03C00178D7E /* ImagesListCell.swift */,
				EA8EC0142A1F6E8700533CD5 /* ImagesListViewController.swift */,
			);
			path = ImagesList;
			sourceTree = "<group>";
		};
		EAF008DE2A5D8D3C0088C884 /* Helpers */ = {
			isa = PBXGroup;
			children = (
				EAF008DF2A5D8E0D0088C884 /* UIBlockingProgressHUD.swift */,
			);
			path = Helpers;
			sourceTree = "<group>";
		};
/* End PBXGroup section */

/* Begin PBXNativeTarget section */
		EA8EC00C2A1F6E8700533CD5 /* ImageFeed */ = {
			isa = PBXNativeTarget;
			buildConfigurationList = EA8EC0212A1F6E8800533CD5 /* Build configuration list for PBXNativeTarget "ImageFeed" */;
			buildPhases = (
				EA8EC0092A1F6E8700533CD5 /* Sources */,
				EA8EC00A2A1F6E8700533CD5 /* Frameworks */,
				EA8EC00B2A1F6E8700533CD5 /* Resources */,
			);
			buildRules = (
			);
			dependencies = (
			);
			name = ImageFeed;
			packageProductDependencies = (
				EA9538892A5C38B9003E4305 /* ProgressHUD */,
			);
			productName = ImageFeed;
			productReference = EA8EC00D2A1F6E8700533CD5 /* ImageFeed.app */;
			productType = "com.apple.product-type.application";
		};
/* End PBXNativeTarget section */

/* Begin PBXProject section */
		EA8EC0052A1F6E8700533CD5 /* Project object */ = {
			isa = PBXProject;
			attributes = {
				BuildIndependentTargetsInParallel = 1;
				LastSwiftUpdateCheck = 1430;
				LastUpgradeCheck = 1430;
				TargetAttributes = {
					EA8EC00C2A1F6E8700533CD5 = {
						CreatedOnToolsVersion = 14.3;
					};
				};
			};
			buildConfigurationList = EA8EC0082A1F6E8700533CD5 /* Build configuration list for PBXProject "ImageFeed" */;
			compatibilityVersion = "Xcode 14.0";
			developmentRegion = en;
			hasScannedForEncodings = 0;
			knownRegions = (
				en,
				Base,
			);
			mainGroup = EA8EC0042A1F6E8700533CD5;
			packageReferences = (
				EA9538882A5C38B9003E4305 /* XCRemoteSwiftPackageReference "ProgressHUD" */,
			);
			productRefGroup = EA8EC00E2A1F6E8700533CD5 /* Products */;
			projectDirPath = "";
			projectRoot = "";
			targets = (
				EA8EC00C2A1F6E8700533CD5 /* ImageFeed */,
			);
		};
/* End PBXProject section */

/* Begin PBXResourcesBuildPhase section */
		EA8EC00B2A1F6E8700533CD5 /* Resources */ = {
			isa = PBXResourcesBuildPhase;
			buildActionMask = 2147483647;
			files = (
				EA8EC01D2A1F6E8800533CD5 /* LaunchScreen.storyboard in Resources */,
				EA8EC01A2A1F6E8800533CD5 /* Assets.xcassets in Resources */,
				EA8EC0182A1F6E8700533CD5 /* Main.storyboard in Resources */,
			);
			runOnlyForDeploymentPostprocessing = 0;
		};
/* End PBXResourcesBuildPhase section */

/* Begin PBXSourcesBuildPhase section */
		EA8EC0092A1F6E8700533CD5 /* Sources */ = {
			isa = PBXSourcesBuildPhase;
			buildActionMask = 2147483647;
			files = (
				EA8EC0152A1F6E8700533CD5 /* ImagesListViewController.swift in Sources */,
				EACA3DB42A24E03C00178D7E /* ImagesListCell.swift in Sources */,
				EA0F2A7B2A4C73A7008ADA75 /* OAuth2Service.swift in Sources */,
				EA2B14A02A39D7C900C43CB2 /* ProfileViewController.swift in Sources */,
				EAB166D42A4DB5C800A5C74E /* AuthViewController.swift in Sources */,
				EA8EC0112A1F6E8700533CD5 /* AppDelegate.swift in Sources */,
				EA0F2A772A4C6E3C008ADA75 /* Constants.swift in Sources */,
				EA0F2A7D2A4C73F2008ADA75 /* Oauth2TokenStorage.swift in Sources */,
				EAB166D62A4DB5EC00A5C74E /* WebViewViewController.swift in Sources */,
				EA2B14A22A39D80300C43CB2 /* SingleImageViewController.swift in Sources */,
				EA8EC0132A1F6E8700533CD5 /* SceneDelegate.swift in Sources */,
				EA0F2A7F2A4C7428008ADA75 /* OAuth2TokenResponseBody.swift in Sources */,
				EAB166D12A4DB53900A5C74E /* SplashViewController.swift in Sources */,
				EAF008E02A5D8E0D0088C884 /* UIBlockingProgressHUD.swift in Sources */,
			);
			runOnlyForDeploymentPostprocessing = 0;
		};
/* End PBXSourcesBuildPhase section */

/* Begin PBXVariantGroup section */
		EA8EC0162A1F6E8700533CD5 /* Main.storyboard */ = {
			isa = PBXVariantGroup;
			children = (
				EA8EC0172A1F6E8700533CD5 /* Base */,
			);
			name = Main.storyboard;
			sourceTree = "<group>";
		};
		EA8EC01B2A1F6E8800533CD5 /* LaunchScreen.storyboard */ = {
			isa = PBXVariantGroup;
			children = (
				EA8EC01C2A1F6E8800533CD5 /* Base */,
			);
			name = LaunchScreen.storyboard;
			sourceTree = "<group>";
		};
/* End PBXVariantGroup section */

/* Begin XCBuildConfiguration section */
		EA8EC01F2A1F6E8800533CD5 /* Debug */ = {
			isa = XCBuildConfiguration;
			buildSettings = {
				ALWAYS_SEARCH_USER_PATHS = NO;
				CLANG_ANALYZER_NONNULL = YES;
				CLANG_ANALYZER_NUMBER_OBJECT_CONVERSION = YES_AGGRESSIVE;
				CLANG_CXX_LANGUAGE_STANDARD = "gnu++20";
				CLANG_ENABLE_MODULES = YES;
				CLANG_ENABLE_OBJC_ARC = YES;
				CLANG_ENABLE_OBJC_WEAK = YES;
				CLANG_WARN_BLOCK_CAPTURE_AUTORELEASING = YES;
				CLANG_WARN_BOOL_CONVERSION = YES;
				CLANG_WARN_COMMA = YES;
				CLANG_WARN_CONSTANT_CONVERSION = YES;
				CLANG_WARN_DEPRECATED_OBJC_IMPLEMENTATIONS = YES;
				CLANG_WARN_DIRECT_OBJC_ISA_USAGE = YES_ERROR;
				CLANG_WARN_DOCUMENTATION_COMMENTS = YES;
				CLANG_WARN_EMPTY_BODY = YES;
				CLANG_WARN_ENUM_CONVERSION = YES;
				CLANG_WARN_INFINITE_RECURSION = YES;
				CLANG_WARN_INT_CONVERSION = YES;
				CLANG_WARN_NON_LITERAL_NULL_CONVERSION = YES;
				CLANG_WARN_OBJC_IMPLICIT_RETAIN_SELF = YES;
				CLANG_WARN_OBJC_LITERAL_CONVERSION = YES;
				CLANG_WARN_OBJC_ROOT_CLASS = YES_ERROR;
				CLANG_WARN_QUOTED_INCLUDE_IN_FRAMEWORK_HEADER = YES;
				CLANG_WARN_RANGE_LOOP_ANALYSIS = YES;
				CLANG_WARN_STRICT_PROTOTYPES = YES;
				CLANG_WARN_SUSPICIOUS_MOVE = YES;
				CLANG_WARN_UNGUARDED_AVAILABILITY = YES_AGGRESSIVE;
				CLANG_WARN_UNREACHABLE_CODE = YES;
				CLANG_WARN__DUPLICATE_METHOD_MATCH = YES;
				COPY_PHASE_STRIP = NO;
				DEBUG_INFORMATION_FORMAT = dwarf;
				ENABLE_STRICT_OBJC_MSGSEND = YES;
				ENABLE_TESTABILITY = YES;
				GCC_C_LANGUAGE_STANDARD = gnu11;
				GCC_DYNAMIC_NO_PIC = NO;
				GCC_NO_COMMON_BLOCKS = YES;
				GCC_OPTIMIZATION_LEVEL = 0;
				GCC_PREPROCESSOR_DEFINITIONS = (
					"DEBUG=1",
					"$(inherited)",
				);
				GCC_WARN_64_TO_32_BIT_CONVERSION = YES;
				GCC_WARN_ABOUT_RETURN_TYPE = YES_ERROR;
				GCC_WARN_UNDECLARED_SELECTOR = YES;
				GCC_WARN_UNINITIALIZED_AUTOS = YES_AGGRESSIVE;
				GCC_WARN_UNUSED_FUNCTION = YES;
				GCC_WARN_UNUSED_VARIABLE = YES;
				IPHONEOS_DEPLOYMENT_TARGET = 16.4;
				MTL_ENABLE_DEBUG_INFO = INCLUDE_SOURCE;
				MTL_FAST_MATH = YES;
				ONLY_ACTIVE_ARCH = YES;
				SDKROOT = iphoneos;
				SWIFT_ACTIVE_COMPILATION_CONDITIONS = DEBUG;
				SWIFT_OPTIMIZATION_LEVEL = "-Onone";
			};
			name = Debug;
		};
		EA8EC0202A1F6E8800533CD5 /* Release */ = {
			isa = XCBuildConfiguration;
			buildSettings = {
				ALWAYS_SEARCH_USER_PATHS = NO;
				CLANG_ANALYZER_NONNULL = YES;
				CLANG_ANALYZER_NUMBER_OBJECT_CONVERSION = YES_AGGRESSIVE;
				CLANG_CXX_LANGUAGE_STANDARD = "gnu++20";
				CLANG_ENABLE_MODULES = YES;
				CLANG_ENABLE_OBJC_ARC = YES;
				CLANG_ENABLE_OBJC_WEAK = YES;
				CLANG_WARN_BLOCK_CAPTURE_AUTORELEASING = YES;
				CLANG_WARN_BOOL_CONVERSION = YES;
				CLANG_WARN_COMMA = YES;
				CLANG_WARN_CONSTANT_CONVERSION = YES;
				CLANG_WARN_DEPRECATED_OBJC_IMPLEMENTATIONS = YES;
				CLANG_WARN_DIRECT_OBJC_ISA_USAGE = YES_ERROR;
				CLANG_WARN_DOCUMENTATION_COMMENTS = YES;
				CLANG_WARN_EMPTY_BODY = YES;
				CLANG_WARN_ENUM_CONVERSION = YES;
				CLANG_WARN_INFINITE_RECURSION = YES;
				CLANG_WARN_INT_CONVERSION = YES;
				CLANG_WARN_NON_LITERAL_NULL_CONVERSION = YES;
				CLANG_WARN_OBJC_IMPLICIT_RETAIN_SELF = YES;
				CLANG_WARN_OBJC_LITERAL_CONVERSION = YES;
				CLANG_WARN_OBJC_ROOT_CLASS = YES_ERROR;
				CLANG_WARN_QUOTED_INCLUDE_IN_FRAMEWORK_HEADER = YES;
				CLANG_WARN_RANGE_LOOP_ANALYSIS = YES;
				CLANG_WARN_STRICT_PROTOTYPES = YES;
				CLANG_WARN_SUSPICIOUS_MOVE = YES;
				CLANG_WARN_UNGUARDED_AVAILABILITY = YES_AGGRESSIVE;
				CLANG_WARN_UNREACHABLE_CODE = YES;
				CLANG_WARN__DUPLICATE_METHOD_MATCH = YES;
				COPY_PHASE_STRIP = NO;
				DEBUG_INFORMATION_FORMAT = "dwarf-with-dsym";
				ENABLE_NS_ASSERTIONS = NO;
				ENABLE_STRICT_OBJC_MSGSEND = YES;
				GCC_C_LANGUAGE_STANDARD = gnu11;
				GCC_NO_COMMON_BLOCKS = YES;
				GCC_WARN_64_TO_32_BIT_CONVERSION = YES;
				GCC_WARN_ABOUT_RETURN_TYPE = YES_ERROR;
				GCC_WARN_UNDECLARED_SELECTOR = YES;
				GCC_WARN_UNINITIALIZED_AUTOS = YES_AGGRESSIVE;
				GCC_WARN_UNUSED_FUNCTION = YES;
				GCC_WARN_UNUSED_VARIABLE = YES;
				IPHONEOS_DEPLOYMENT_TARGET = 16.4;
				MTL_ENABLE_DEBUG_INFO = NO;
				MTL_FAST_MATH = YES;
				SDKROOT = iphoneos;
				SWIFT_COMPILATION_MODE = wholemodule;
				SWIFT_OPTIMIZATION_LEVEL = "-O";
				VALIDATE_PRODUCT = YES;
			};
			name = Release;
		};
		EA8EC0222A1F6E8800533CD5 /* Debug */ = {
			isa = XCBuildConfiguration;
			buildSettings = {
				ASSETCATALOG_COMPILER_APPICON_NAME = AppIcon;
				ASSETCATALOG_COMPILER_GLOBAL_ACCENT_COLOR_NAME = AccentColor;
				CODE_SIGN_STYLE = Automatic;
				CURRENT_PROJECT_VERSION = 1;
				DEVELOPMENT_TEAM = 69T2J9YA76;
				GENERATE_INFOPLIST_FILE = YES;
				INFOPLIST_FILE = ImageFeed/Info.plist;
				INFOPLIST_KEY_UIApplicationSupportsIndirectInputEvents = YES;
				INFOPLIST_KEY_UILaunchStoryboardName = LaunchScreen;
				INFOPLIST_KEY_UIMainStoryboardFile = Main;
				INFOPLIST_KEY_UISupportedInterfaceOrientations = "UIInterfaceOrientationLandscapeLeft UIInterfaceOrientationLandscapeRight UIInterfaceOrientationPortrait";
				INFOPLIST_KEY_UISupportedInterfaceOrientations_iPad = "UIInterfaceOrientationLandscapeLeft UIInterfaceOrientationLandscapeRight";
				INFOPLIST_KEY_UISupportedInterfaceOrientations_iPhone = UIInterfaceOrientationPortrait;
				IPHONEOS_DEPLOYMENT_TARGET = 13.0;
				LD_RUNPATH_SEARCH_PATHS = (
					"$(inherited)",
					"@executable_path/Frameworks",
				);
				MARKETING_VERSION = 1.0;
				PRODUCT_BUNDLE_IDENTIFIER = ru.yandex.practicum.ImageFeed.seryga808;
				PRODUCT_NAME = "$(TARGET_NAME)";
				SUPPORTED_PLATFORMS = "iphoneos iphonesimulator";
				SUPPORTS_MACCATALYST = NO;
				SUPPORTS_MAC_DESIGNED_FOR_IPHONE_IPAD = YES;
				SWIFT_EMIT_LOC_STRINGS = YES;
				SWIFT_VERSION = 5.0;
				TARGETED_DEVICE_FAMILY = 1;
			};
			name = Debug;
		};
		EA8EC0232A1F6E8800533CD5 /* Release */ = {
			isa = XCBuildConfiguration;
			buildSettings = {
				ASSETCATALOG_COMPILER_APPICON_NAME = AppIcon;
				ASSETCATALOG_COMPILER_GLOBAL_ACCENT_COLOR_NAME = AccentColor;
				CODE_SIGN_STYLE = Automatic;
				CURRENT_PROJECT_VERSION = 1;
				DEVELOPMENT_TEAM = 69T2J9YA76;
				GENERATE_INFOPLIST_FILE = YES;
				INFOPLIST_FILE = ImageFeed/Info.plist;
				INFOPLIST_KEY_UIApplicationSupportsIndirectInputEvents = YES;
				INFOPLIST_KEY_UILaunchStoryboardName = LaunchScreen;
				INFOPLIST_KEY_UIMainStoryboardFile = Main;
				INFOPLIST_KEY_UISupportedInterfaceOrientations = "UIInterfaceOrientationLandscapeLeft UIInterfaceOrientationLandscapeRight UIInterfaceOrientationPortrait";
				INFOPLIST_KEY_UISupportedInterfaceOrientations_iPad = "UIInterfaceOrientationLandscapeLeft UIInterfaceOrientationLandscapeRight";
				INFOPLIST_KEY_UISupportedInterfaceOrientations_iPhone = UIInterfaceOrientationPortrait;
				IPHONEOS_DEPLOYMENT_TARGET = 13.0;
				LD_RUNPATH_SEARCH_PATHS = (
					"$(inherited)",
					"@executable_path/Frameworks",
				);
				MARKETING_VERSION = 1.0;
				PRODUCT_BUNDLE_IDENTIFIER = ru.yandex.practicum.ImageFeed.seryga808;
				PRODUCT_NAME = "$(TARGET_NAME)";
				SUPPORTED_PLATFORMS = "iphoneos iphonesimulator";
				SUPPORTS_MACCATALYST = NO;
				SUPPORTS_MAC_DESIGNED_FOR_IPHONE_IPAD = YES;
				SWIFT_EMIT_LOC_STRINGS = YES;
				SWIFT_VERSION = 5.0;
				TARGETED_DEVICE_FAMILY = 1;
			};
			name = Release;
		};
/* End XCBuildConfiguration section */

/* Begin XCConfigurationList section */
		EA8EC0082A1F6E8700533CD5 /* Build configuration list for PBXProject "ImageFeed" */ = {
			isa = XCConfigurationList;
			buildConfigurations = (
				EA8EC01F2A1F6E8800533CD5 /* Debug */,
				EA8EC0202A1F6E8800533CD5 /* Release */,
			);
			defaultConfigurationIsVisible = 0;
			defaultConfigurationName = Release;
		};
		EA8EC0212A1F6E8800533CD5 /* Build configuration list for PBXNativeTarget "ImageFeed" */ = {
			isa = XCConfigurationList;
			buildConfigurations = (
				EA8EC0222A1F6E8800533CD5 /* Debug */,
				EA8EC0232A1F6E8800533CD5 /* Release */,
			);
			defaultConfigurationIsVisible = 0;
			defaultConfigurationName = Release;
		};
/* End XCConfigurationList section */

/* Begin XCRemoteSwiftPackageReference section */
		EA9538882A5C38B9003E4305 /* XCRemoteSwiftPackageReference "ProgressHUD" */ = {
			isa = XCRemoteSwiftPackageReference;
			repositoryURL = "https://github.com/relatedcode/ProgressHUD";
			requirement = {
				kind = exactVersion;
				version = 13.7.2;
			};
		};
/* End XCRemoteSwiftPackageReference section */

/* Begin XCSwiftPackageProductDependency section */
		EA9538892A5C38B9003E4305 /* ProgressHUD */ = {
			isa = XCSwiftPackageProductDependency;
			package = EA9538882A5C38B9003E4305 /* XCRemoteSwiftPackageReference "ProgressHUD" */;
			productName = ProgressHUD;
		};
/* End XCSwiftPackageProductDependency section */
	};
	rootObject = EA8EC0052A1F6E8700533CD5 /* Project object */;
}
